
Microsoft Visual Studio Solution File, Format Version 12.00
# Visual Studio Version 17
VisualStudioVersion = 17.11.35312.102
MinimumVisualStudioVersion = 10.0.40219.1
Project("{2150E333-8FDC-42A3-9474-1A3956D46DE8}") = "Task0", "Task0", "{1A19921E-E969-4D09-9AC9-27CCA71F0D34}"
EndProject
Project("{9A19103F-16F7-4668-BE54-9A1E7A4F7556}") = "Tyuiu.KhuzinaDR.Sprint5.Task0.V14", "Tyuiu.KhuzinaDR.Sprint5.Task0.V14\Tyuiu.KhuzinaDR.Sprint5.Task0.V14.csproj", "{36A9C5E1-7656-496A-B8A2-591AA3070C7D}"
EndProject
Project("{9A19103F-16F7-4668-BE54-9A1E7A4F7556}") = "Tyuiu.KhuzinaDR.Sprint5.Task0.V14.Lib", "Tyuiu.KhuzinaDR.Sprint5.Task0.V14.Lib\Tyuiu.KhuzinaDR.Sprint5.Task0.V14.Lib.csproj", "{BEE848B4-D783-447E-8C13-048921E24FDE}"
EndProject
Project("{9A19103F-16F7-4668-BE54-9A1E7A4F7556}") = "Tyuiu.KhuzinaDR.Sprint5.Task0.V14.Test", "Tyuiu.KhuzinaDR.Sprint5.Task0.V14.Test\Tyuiu.KhuzinaDR.Sprint5.Task0.V14.Test.csproj", "{9C151C1A-B460-486A-A269-BE00F9DED1A2}"
EndProject
Project("{2150E333-8FDC-42A3-9474-1A3956D46DE8}") = "Task1", "Task1", "{262D034F-C209-47F4-BA6A-B7D45B2F22F6}"
EndProject
Project("{9A19103F-16F7-4668-BE54-9A1E7A4F7556}") = "Tyuiu.KhuzinaDR.Sprint5.Task1.V25", "Tyuiu.KhuzinaDR.Sprint5.Task1.V25\Tyuiu.KhuzinaDR.Sprint5.Task1.V25.csproj", "{5F1B5C65-E2D8-4E6F-982F-23041EDEB114}"
EndProject
Project("{9A19103F-16F7-4668-BE54-9A1E7A4F7556}") = "Tyuiu.KhuzinaDR.Sprint5.Task1.V25.Lib", "Tyuiu.KhuzinaDR.Sprint5.Task1.V25.Lib\Tyuiu.KhuzinaDR.Sprint5.Task1.V25.Lib.csproj", "{1A1B54A2-6853-4AB5-86C8-A6190218BE3A}"
EndProject
Project("{9A19103F-16F7-4668-BE54-9A1E7A4F7556}") = "Tyuiu.KhuzinaDR.Sprint5.Task1.V25.Test", "Tyuiu.KhuzinaDR.Sprint5.Task1.V25.Test\Tyuiu.KhuzinaDR.Sprint5.Task1.V25.Test.csproj", "{E7648EA0-3D17-4766-B549-9857E25EF88F}"
EndProject
Project("{2150E333-8FDC-42A3-9474-1A3956D46DE8}") = "Task2", "Task2", "{4AD54273-A210-4310-B7A2-E55FB199EFBD}"
EndProject
Project("{9A19103F-16F7-4668-BE54-9A1E7A4F7556}") = "Tyuiu.KhuzinaDR.Sprint5.Task2.V25", "Tyuiu.KhuzinaDR.Sprint5.Task2.V25\Tyuiu.KhuzinaDR.Sprint5.Task2.V25.csproj", "{03A8B49B-1378-48DC-8839-30DDACD10EB4}"
EndProject
Project("{9A19103F-16F7-4668-BE54-9A1E7A4F7556}") = "Tyuiu.KhuzinaDR.Sprint5.Task2.V25.Lib", "Tyuiu.KhuzinaDR.Sprint5.Task2.V25.Lib\Tyuiu.KhuzinaDR.Sprint5.Task2.V25.Lib.csproj", "{591AE938-6A6A-441C-B927-81D776FDDAA7}"
EndProject
Project("{9A19103F-16F7-4668-BE54-9A1E7A4F7556}") = "Tyuiu.KhuzinaDR.Sprint5.Task2.V25.Test", "Tyuiu.KhuzinaDR.Sprint5.Task2.V25.Test\Tyuiu.KhuzinaDR.Sprint5.Task2.V25.Test.csproj", "{42316C89-0BAE-41AB-8EE3-BBA44EF215EF}"
EndProject
Project("{2150E333-8FDC-42A3-9474-1A3956D46DE8}") = "Task3", "Task3", "{BCBDAFA0-2E2C-46B2-B576-F65F705B96AC}"
EndProject
Project("{FAE04EC0-301F-11D3-BF4B-00C04F79EFBC}") = "Tyuiu.KhuzinaDR.Sprint5.Task3.V1", "Tyuiu.KhuzinaDR.Sprint5.Task3.V1\Tyuiu.KhuzinaDR.Sprint5.Task3.V1.csproj", "{74968C03-F26F-46BA-97DA-CD7A1B22A128}"
EndProject
Project("{FAE04EC0-301F-11D3-BF4B-00C04F79EFBC}") = "Tyuiu.KhuzinaDR.Sprint5.Task3.V1.Lib", "Tyuiu.KhuzinaDR.Sprint5.Task3.V1.Lib\Tyuiu.KhuzinaDR.Sprint5.Task3.V1.Lib.csproj", "{8EC72CFB-605F-4521-9796-6F6723B09671}"
EndProject
Project("{FAE04EC0-301F-11D3-BF4B-00C04F79EFBC}") = "Tyuiu.KhuzinaDR.Sprint5.Task3.V1.Test", "Tyuiu.KhuzinaDR.Sprint5.Task3.V1.Test\Tyuiu.KhuzinaDR.Sprint5.Task3.V1.Test.csproj", "{136091FA-A7F5-42DF-BDA1-5EEDB98269FB}"
EndProject
Project("{2150E333-8FDC-42A3-9474-1A3956D46DE8}") = "Task4", "Task4", "{14A6A424-7C75-4BF1-8581-D43FCBFAC44D}"
EndProject
Project("{FAE04EC0-301F-11D3-BF4B-00C04F79EFBC}") = "Tyuiu.KhuzinaDR.Sprint5.Task4.V2.Test", "Tyuiu.KhuzinaDR.Sprint5.Task4.V2.Test\Tyuiu.KhuzinaDR.Sprint5.Task4.V2.Test.csproj", "{B327A6F9-6C32-4533-AE88-C777C7697106}"
EndProject
Project("{FAE04EC0-301F-11D3-BF4B-00C04F79EFBC}") = "Tyuiu.KhuzinaDR.Sprint5.Task4.V2.Lib", "Tyuiu.KhuzinaDR.Sprint5.Task4.V2.Lib\Tyuiu.KhuzinaDR.Sprint5.Task4.V2.Lib.csproj", "{00C50142-5668-4709-B008-ACF4982D221C}"
EndProject
Project("{FAE04EC0-301F-11D3-BF4B-00C04F79EFBC}") = "Tyuiu.KhuzinaDR.Sprint5.Task4.V2", "Tyuiu.KhuzinaDR.Sprint5.Task4.V2\Tyuiu.KhuzinaDR.Sprint5.Task4.V2.csproj", "{58CF7A8E-FA5D-47A5-9A81-9A3052468740}"
EndProject
Global
	GlobalSection(SolutionConfigurationPlatforms) = preSolution
		Debug|Any CPU = Debug|Any CPU
		Release|Any CPU = Release|Any CPU
	EndGlobalSection
	GlobalSection(ProjectConfigurationPlatforms) = postSolution
		{36A9C5E1-7656-496A-B8A2-591AA3070C7D}.Debug|Any CPU.ActiveCfg = Debug|Any CPU
		{36A9C5E1-7656-496A-B8A2-591AA3070C7D}.Debug|Any CPU.Build.0 = Debug|Any CPU
		{36A9C5E1-7656-496A-B8A2-591AA3070C7D}.Release|Any CPU.ActiveCfg = Release|Any CPU
		{36A9C5E1-7656-496A-B8A2-591AA3070C7D}.Release|Any CPU.Build.0 = Release|Any CPU
		{BEE848B4-D783-447E-8C13-048921E24FDE}.Debug|Any CPU.ActiveCfg = Debug|Any CPU
		{BEE848B4-D783-447E-8C13-048921E24FDE}.Debug|Any CPU.Build.0 = Debug|Any CPU
		{BEE848B4-D783-447E-8C13-048921E24FDE}.Release|Any CPU.ActiveCfg = Release|Any CPU
		{BEE848B4-D783-447E-8C13-048921E24FDE}.Release|Any CPU.Build.0 = Release|Any CPU
		{9C151C1A-B460-486A-A269-BE00F9DED1A2}.Debug|Any CPU.ActiveCfg = Debug|Any CPU
		{9C151C1A-B460-486A-A269-BE00F9DED1A2}.Debug|Any CPU.Build.0 = Debug|Any CPU
		{9C151C1A-B460-486A-A269-BE00F9DED1A2}.Release|Any CPU.ActiveCfg = Release|Any CPU
		{9C151C1A-B460-486A-A269-BE00F9DED1A2}.Release|Any CPU.Build.0 = Release|Any CPU
		{5F1B5C65-E2D8-4E6F-982F-23041EDEB114}.Debug|Any CPU.ActiveCfg = Debug|Any CPU
		{5F1B5C65-E2D8-4E6F-982F-23041EDEB114}.Debug|Any CPU.Build.0 = Debug|Any CPU
		{5F1B5C65-E2D8-4E6F-982F-23041EDEB114}.Release|Any CPU.ActiveCfg = Release|Any CPU
		{5F1B5C65-E2D8-4E6F-982F-23041EDEB114}.Release|Any CPU.Build.0 = Release|Any CPU
		{1A1B54A2-6853-4AB5-86C8-A6190218BE3A}.Debug|Any CPU.ActiveCfg = Debug|Any CPU
		{1A1B54A2-6853-4AB5-86C8-A6190218BE3A}.Debug|Any CPU.Build.0 = Debug|Any CPU
		{1A1B54A2-6853-4AB5-86C8-A6190218BE3A}.Release|Any CPU.ActiveCfg = Release|Any CPU
		{1A1B54A2-6853-4AB5-86C8-A6190218BE3A}.Release|Any CPU.Build.0 = Release|Any CPU
		{E7648EA0-3D17-4766-B549-9857E25EF88F}.Debug|Any CPU.ActiveCfg = Debug|Any CPU
		{E7648EA0-3D17-4766-B549-9857E25EF88F}.Debug|Any CPU.Build.0 = Debug|Any CPU
		{E7648EA0-3D17-4766-B549-9857E25EF88F}.Release|Any CPU.ActiveCfg = Release|Any CPU
		{E7648EA0-3D17-4766-B549-9857E25EF88F}.Release|Any CPU.Build.0 = Release|Any CPU
		{03A8B49B-1378-48DC-8839-30DDACD10EB4}.Debug|Any CPU.ActiveCfg = Debug|Any CPU
		{03A8B49B-1378-48DC-8839-30DDACD10EB4}.Debug|Any CPU.Build.0 = Debug|Any CPU
		{03A8B49B-1378-48DC-8839-30DDACD10EB4}.Release|Any CPU.ActiveCfg = Release|Any CPU
		{03A8B49B-1378-48DC-8839-30DDACD10EB4}.Release|Any CPU.Build.0 = Release|Any CPU
		{591AE938-6A6A-441C-B927-81D776FDDAA7}.Debug|Any CPU.ActiveCfg = Debug|Any CPU
		{591AE938-6A6A-441C-B927-81D776FDDAA7}.Debug|Any CPU.Build.0 = Debug|Any CPU
		{591AE938-6A6A-441C-B927-81D776FDDAA7}.Release|Any CPU.ActiveCfg = Release|Any CPU
		{591AE938-6A6A-441C-B927-81D776FDDAA7}.Release|Any CPU.Build.0 = Release|Any CPU
		{42316C89-0BAE-41AB-8EE3-BBA44EF215EF}.Debug|Any CPU.ActiveCfg = Debug|Any CPU
		{42316C89-0BAE-41AB-8EE3-BBA44EF215EF}.Debug|Any CPU.Build.0 = Debug|Any CPU
		{42316C89-0BAE-41AB-8EE3-BBA44EF215EF}.Release|Any CPU.ActiveCfg = Release|Any CPU
		{42316C89-0BAE-41AB-8EE3-BBA44EF215EF}.Release|Any CPU.Build.0 = Release|Any CPU
		{74968C03-F26F-46BA-97DA-CD7A1B22A128}.Debug|Any CPU.ActiveCfg = Debug|Any CPU
		{74968C03-F26F-46BA-97DA-CD7A1B22A128}.Debug|Any CPU.Build.0 = Debug|Any CPU
		{74968C03-F26F-46BA-97DA-CD7A1B22A128}.Release|Any CPU.ActiveCfg = Release|Any CPU
		{74968C03-F26F-46BA-97DA-CD7A1B22A128}.Release|Any CPU.Build.0 = Release|Any CPU
		{8EC72CFB-605F-4521-9796-6F6723B09671}.Debug|Any CPU.ActiveCfg = Debug|Any CPU
		{8EC72CFB-605F-4521-9796-6F6723B09671}.Debug|Any CPU.Build.0 = Debug|Any CPU
		{8EC72CFB-605F-4521-9796-6F6723B09671}.Release|Any CPU.ActiveCfg = Release|Any CPU
		{8EC72CFB-605F-4521-9796-6F6723B09671}.Release|Any CPU.Build.0 = Release|Any CPU
		{136091FA-A7F5-42DF-BDA1-5EEDB98269FB}.Debug|Any CPU.ActiveCfg = Debug|Any CPU
		{136091FA-A7F5-42DF-BDA1-5EEDB98269FB}.Debug|Any CPU.Build.0 = Debug|Any CPU
		{136091FA-A7F5-42DF-BDA1-5EEDB98269FB}.Release|Any CPU.ActiveCfg = Release|Any CPU
		{136091FA-A7F5-42DF-BDA1-5EEDB98269FB}.Release|Any CPU.Build.0 = Release|Any CPU
		{B327A6F9-6C32-4533-AE88-C777C7697106}.Debug|Any CPU.ActiveCfg = Debug|Any CPU
		{B327A6F9-6C32-4533-AE88-C777C7697106}.Debug|Any CPU.Build.0 = Debug|Any CPU
		{B327A6F9-6C32-4533-AE88-C777C7697106}.Release|Any CPU.ActiveCfg = Release|Any CPU
		{B327A6F9-6C32-4533-AE88-C777C7697106}.Release|Any CPU.Build.0 = Release|Any CPU
		{00C50142-5668-4709-B008-ACF4982D221C}.Debug|Any CPU.ActiveCfg = Debug|Any CPU
		{00C50142-5668-4709-B008-ACF4982D221C}.Debug|Any CPU.Build.0 = Debug|Any CPU
		{00C50142-5668-4709-B008-ACF4982D221C}.Release|Any CPU.ActiveCfg = Release|Any CPU
		{00C50142-5668-4709-B008-ACF4982D221C}.Release|Any CPU.Build.0 = Release|Any CPU
		{58CF7A8E-FA5D-47A5-9A81-9A3052468740}.Debug|Any CPU.ActiveCfg = Debug|Any CPU
		{58CF7A8E-FA5D-47A5-9A81-9A3052468740}.Debug|Any CPU.Build.0 = Debug|Any CPU
		{58CF7A8E-FA5D-47A5-9A81-9A3052468740}.Release|Any CPU.ActiveCfg = Release|Any CPU
		{58CF7A8E-FA5D-47A5-9A81-9A3052468740}.Release|Any CPU.Build.0 = Release|Any CPU
	EndGlobalSection
	GlobalSection(SolutionProperties) = preSolution
		HideSolutionNode = FALSE
	EndGlobalSection
	GlobalSection(NestedProjects) = preSolution
		{36A9C5E1-7656-496A-B8A2-591AA3070C7D} = {1A19921E-E969-4D09-9AC9-27CCA71F0D34}
		{BEE848B4-D783-447E-8C13-048921E24FDE} = {1A19921E-E969-4D09-9AC9-27CCA71F0D34}
		{9C151C1A-B460-486A-A269-BE00F9DED1A2} = {1A19921E-E969-4D09-9AC9-27CCA71F0D34}
		{5F1B5C65-E2D8-4E6F-982F-23041EDEB114} = {262D034F-C209-47F4-BA6A-B7D45B2F22F6}
		{1A1B54A2-6853-4AB5-86C8-A6190218BE3A} = {262D034F-C209-47F4-BA6A-B7D45B2F22F6}
		{E7648EA0-3D17-4766-B549-9857E25EF88F} = {262D034F-C209-47F4-BA6A-B7D45B2F22F6}
		{03A8B49B-1378-48DC-8839-30DDACD10EB4} = {4AD54273-A210-4310-B7A2-E55FB199EFBD}
		{591AE938-6A6A-441C-B927-81D776FDDAA7} = {4AD54273-A210-4310-B7A2-E55FB199EFBD}
		{42316C89-0BAE-41AB-8EE3-BBA44EF215EF} = {4AD54273-A210-4310-B7A2-E55FB199EFBD}
		{74968C03-F26F-46BA-97DA-CD7A1B22A128} = {BCBDAFA0-2E2C-46B2-B576-F65F705B96AC}
		{8EC72CFB-605F-4521-9796-6F6723B09671} = {BCBDAFA0-2E2C-46B2-B576-F65F705B96AC}
		{136091FA-A7F5-42DF-BDA1-5EEDB98269FB} = {BCBDAFA0-2E2C-46B2-B576-F65F705B96AC}
		{B327A6F9-6C32-4533-AE88-C777C7697106} = {14A6A424-7C75-4BF1-8581-D43FCBFAC44D}
		{00C50142-5668-4709-B008-ACF4982D221C} = {14A6A424-7C75-4BF1-8581-D43FCBFAC44D}
		{58CF7A8E-FA5D-47A5-9A81-9A3052468740} = {14A6A424-7C75-4BF1-8581-D43FCBFAC44D}
	EndGlobalSection
	GlobalSection(ExtensibilityGlobals) = postSolution
		SolutionGuid = {E44048E7-E402-43D9-BBF4-BF9AB2BA7BA2}
	EndGlobalSection
EndGlobal
