
Microsoft Visual Studio Solution File, Format Version 12.00
# Visual Studio Version 17
VisualStudioVersion = 17.11.35312.102
MinimumVisualStudioVersion = 10.0.40219.1
Project("{2150E333-8FDC-42A3-9474-1A3956D46DE8}") = "Task0", "Task0", "{1A19921E-E969-4D09-9AC9-27CCA71F0D34}"
EndProject
Project("{FAE04EC0-301F-11D3-BF4B-00C04F79EFBC}") = "Tyuiu.KhuzinaDR.Sprint5.Task0.V14", "Tyuiu.KhuzinaDR.Sprint5.Task0.V14\Tyuiu.KhuzinaDR.Sprint5.Task0.V14.csproj", "{36A9C5E1-7656-496A-B8A2-591AA3070C7D}"
EndProject
Project("{FAE04EC0-301F-11D3-BF4B-00C04F79EFBC}") = "Tyuiu.KhuzinaDR.Sprint5.Task0.V14.Lib", "Tyuiu.KhuzinaDR.Sprint5.Task0.V14.Lib\Tyuiu.KhuzinaDR.Sprint5.Task0.V14.Lib.csproj", "{BEE848B4-D783-447E-8C13-048921E24FDE}"
EndProject
Project("{FAE04EC0-301F-11D3-BF4B-00C04F79EFBC}") = "Tyuiu.KhuzinaDR.Sprint5.Task0.V14.Test", "Tyuiu.KhuzinaDR.Sprint5.Task0.V14.Test\Tyuiu.KhuzinaDR.Sprint5.Task0.V14.Test.csproj", "{9C151C1A-B460-486A-A269-BE00F9DED1A2}"
EndProject
Project("{2150E333-8FDC-42A3-9474-1A3956D46DE8}") = "Task1", "Task1", "{262D034F-C209-47F4-BA6A-B7D45B2F22F6}"
EndProject
Project("{FAE04EC0-301F-11D3-BF4B-00C04F79EFBC}") = "Tyuiu.KhuzinaDR.Sprint5.Task1.V25", "Tyuiu.KhuzinaDR.Sprint5.Task1.V25\Tyuiu.KhuzinaDR.Sprint5.Task1.V25.csproj", "{5F1B5C65-E2D8-4E6F-982F-23041EDEB114}"
EndProject
Project("{FAE04EC0-301F-11D3-BF4B-00C04F79EFBC}") = "Tyuiu.KhuzinaDR.Sprint5.Task1.V25.Lib", "Tyuiu.KhuzinaDR.Sprint5.Task1.V25.Lib\Tyuiu.KhuzinaDR.Sprint5.Task1.V25.Lib.csproj", "{1A1B54A2-6853-4AB5-86C8-A6190218BE3A}"
EndProject
Project("{FAE04EC0-301F-11D3-BF4B-00C04F79EFBC}") = "Tyuiu.KhuzinaDR.Sprint5.Task1.V25.Test", "Tyuiu.KhuzinaDR.Sprint5.Task1.V25.Test\Tyuiu.KhuzinaDR.Sprint5.Task1.V25.Test.csproj", "{E7648EA0-3D17-4766-B549-9857E25EF88F}"
EndProject
Global
	GlobalSection(SolutionConfigurationPlatforms) = preSolution
		Debug|Any CPU = Debug|Any CPU
		Release|Any CPU = Release|Any CPU
	EndGlobalSection
	GlobalSection(ProjectConfigurationPlatforms) = postSolution
		{36A9C5E1-7656-496A-B8A2-591AA3070C7D}.Debug|Any CPU.ActiveCfg = Debug|Any CPU
		{36A9C5E1-7656-496A-B8A2-591AA3070C7D}.Debug|Any CPU.Build.0 = Debug|Any CPU
		{36A9C5E1-7656-496A-B8A2-591AA3070C7D}.Release|Any CPU.ActiveCfg = Release|Any CPU
		{36A9C5E1-7656-496A-B8A2-591AA3070C7D}.Release|Any CPU.Build.0 = Release|Any CPU
		{BEE848B4-D783-447E-8C13-048921E24FDE}.Debug|Any CPU.ActiveCfg = Debug|Any CPU
		{BEE848B4-D783-447E-8C13-048921E24FDE}.Debug|Any CPU.Build.0 = Debug|Any CPU
		{BEE848B4-D783-447E-8C13-048921E24FDE}.Release|Any CPU.ActiveCfg = Release|Any CPU
		{BEE848B4-D783-447E-8C13-048921E24FDE}.Release|Any CPU.Build.0 = Release|Any CPU
		{9C151C1A-B460-486A-A269-BE00F9DED1A2}.Debug|Any CPU.ActiveCfg = Debug|Any CPU
		{9C151C1A-B460-486A-A269-BE00F9DED1A2}.Debug|Any CPU.Build.0 = Debug|Any CPU
		{9C151C1A-B460-486A-A269-BE00F9DED1A2}.Release|Any CPU.ActiveCfg = Release|Any CPU
		{9C151C1A-B460-486A-A269-BE00F9DED1A2}.Release|Any CPU.Build.0 = Release|Any CPU
		{5F1B5C65-E2D8-4E6F-982F-23041EDEB114}.Debug|Any CPU.ActiveCfg = Debug|Any CPU
		{5F1B5C65-E2D8-4E6F-982F-23041EDEB114}.Debug|Any CPU.Build.0 = Debug|Any CPU
		{5F1B5C65-E2D8-4E6F-982F-23041EDEB114}.Release|Any CPU.ActiveCfg = Release|Any CPU
		{5F1B5C65-E2D8-4E6F-982F-23041EDEB114}.Release|Any CPU.Build.0 = Release|Any CPU
		{1A1B54A2-6853-4AB5-86C8-A6190218BE3A}.Debug|Any CPU.ActiveCfg = Debug|Any CPU
		{1A1B54A2-6853-4AB5-86C8-A6190218BE3A}.Debug|Any CPU.Build.0 = Debug|Any CPU
		{1A1B54A2-6853-4AB5-86C8-A6190218BE3A}.Release|Any CPU.ActiveCfg = Release|Any CPU
		{1A1B54A2-6853-4AB5-86C8-A6190218BE3A}.Release|Any CPU.Build.0 = Release|Any CPU
		{E7648EA0-3D17-4766-B549-9857E25EF88F}.Debug|Any CPU.ActiveCfg = Debug|Any CPU
		{E7648EA0-3D17-4766-B549-9857E25EF88F}.Debug|Any CPU.Build.0 = Debug|Any CPU
		{E7648EA0-3D17-4766-B549-9857E25EF88F}.Release|Any CPU.ActiveCfg = Release|Any CPU
		{E7648EA0-3D17-4766-B549-9857E25EF88F}.Release|Any CPU.Build.0 = Release|Any CPU
	EndGlobalSection
	GlobalSection(SolutionProperties) = preSolution
		HideSolutionNode = FALSE
	EndGlobalSection
	GlobalSection(NestedProjects) = preSolution
		{36A9C5E1-7656-496A-B8A2-591AA3070C7D} = {1A19921E-E969-4D09-9AC9-27CCA71F0D34}
		{BEE848B4-D783-447E-8C13-048921E24FDE} = {1A19921E-E969-4D09-9AC9-27CCA71F0D34}
		{9C151C1A-B460-486A-A269-BE00F9DED1A2} = {1A19921E-E969-4D09-9AC9-27CCA71F0D34}
		{5F1B5C65-E2D8-4E6F-982F-23041EDEB114} = {262D034F-C209-47F4-BA6A-B7D45B2F22F6}
		{1A1B54A2-6853-4AB5-86C8-A6190218BE3A} = {262D034F-C209-47F4-BA6A-B7D45B2F22F6}
		{E7648EA0-3D17-4766-B549-9857E25EF88F} = {262D034F-C209-47F4-BA6A-B7D45B2F22F6}
	EndGlobalSection
	GlobalSection(ExtensibilityGlobals) = postSolution
		SolutionGuid = {E44048E7-E402-43D9-BBF4-BF9AB2BA7BA2}
	EndGlobalSection
EndGlobal
